
Microsoft Visual Studio Solution File, Format Version 12.00
# Visual Studio Version 17
VisualStudioVersion = 17.9.34607.119
MinimumVisualStudioVersion = 10.0.40219.1
Project("{8BC9CEB8-8B4A-11D0-8D11-00A0C91BC942}") = "Utils", "msvc\Utils.vcxproj", "{098E4E0E-6F05-4791-87A4-3163F452CF99}"
EndProject
Project("{8BC9CEB8-8B4A-11D0-8D11-00A0C91BC942}") = "Audio Loader", "msvc\Audio Loader.vcxproj", "{FFAA8CDB-F721-4C0B-89F8-60BD3528BB4D}"
	ProjectSection(ProjectDependencies) = postProject
		{098E4E0E-6F05-4791-87A4-3163F452CF99} = {098E4E0E-6F05-4791-87A4-3163F452CF99}
	EndProjectSection
EndProject
Project("{8BC9CEB8-8B4A-11D0-8D11-00A0C91BC942}") = "Calc CPU", "msvc\Calc CPU.vcxproj", "{FA3004E7-EB9C-4A36-A1BF-6CDC6F67C5E4}"
EndProject
Project("{8BC9CEB8-8B4A-11D0-8D11-00A0C91BC942}") = "Calc OpenCL", "msvc\Calc OpenCL.vcxproj", "{7F603790-B300-4A2B-8D8C-A550A6C67385}"
	ProjectSection(ProjectDependencies) = postProject
		{FA3004E7-EB9C-4A36-A1BF-6CDC6F67C5E4} = {FA3004E7-EB9C-4A36-A1BF-6CDC6F67C5E4}
	EndProjectSection
EndProject
Project("{8BC9CEB8-8B4A-11D0-8D11-00A0C91BC942}") = "ImGui", "msvc\ImGui.vcxproj", "{E81EA5F0-0FB7-4EFB-8FC0-CB3D195443E4}"
EndProject
Project("{8BC9CEB8-8B4A-11D0-8D11-00A0C91BC942}") = "GL Renderer", "msvc\GL Renderer.vcxproj", "{7E9D7DCF-BD11-457E-AAA1-57CDCC687945}"
	ProjectSection(ProjectDependencies) = postProject
		{098E4E0E-6F05-4791-87A4-3163F452CF99} = {098E4E0E-6F05-4791-87A4-3163F452CF99}
		{E81EA5F0-0FB7-4EFB-8FC0-CB3D195443E4} = {E81EA5F0-0FB7-4EFB-8FC0-CB3D195443E4}
	EndProjectSection
EndProject
Project("{8BC9CEB8-8B4A-11D0-8D11-00A0C91BC942}") = "GPU Spectrogram", "msvc\GPU Spectrogram.vcxproj", "{C5A0AE91-3A01-4771-9E02-5A2756AC5087}"
	ProjectSection(ProjectDependencies) = postProject
		{7E9D7DCF-BD11-457E-AAA1-57CDCC687945} = {7E9D7DCF-BD11-457E-AAA1-57CDCC687945}
		{7F603790-B300-4A2B-8D8C-A550A6C67385} = {7F603790-B300-4A2B-8D8C-A550A6C67385}
		{E81EA5F0-0FB7-4EFB-8FC0-CB3D195443E4} = {E81EA5F0-0FB7-4EFB-8FC0-CB3D195443E4}
		{FA3004E7-EB9C-4A36-A1BF-6CDC6F67C5E4} = {FA3004E7-EB9C-4A36-A1BF-6CDC6F67C5E4}
		{FFAA8CDB-F721-4C0B-89F8-60BD3528BB4D} = {FFAA8CDB-F721-4C0B-89F8-60BD3528BB4D}
	EndProjectSection
EndProject
Global
	GlobalSection(SolutionConfigurationPlatforms) = preSolution
		Debug|x64 = Debug|x64
		Debug|x86 = Debug|x86
		Release|x64 = Release|x64
		Release|x86 = Release|x86
	EndGlobalSection
	GlobalSection(ProjectConfigurationPlatforms) = postSolution
		{098E4E0E-6F05-4791-87A4-3163F452CF99}.Debug|x64.ActiveCfg = Debug|x64
		{098E4E0E-6F05-4791-87A4-3163F452CF99}.Debug|x64.Build.0 = Debug|x64
		{098E4E0E-6F05-4791-87A4-3163F452CF99}.Debug|x86.ActiveCfg = Debug|Win32
		{098E4E0E-6F05-4791-87A4-3163F452CF99}.Debug|x86.Build.0 = Debug|Win32
		{098E4E0E-6F05-4791-87A4-3163F452CF99}.Release|x64.ActiveCfg = Release|x64
		{098E4E0E-6F05-4791-87A4-3163F452CF99}.Release|x64.Build.0 = Release|x64
		{098E4E0E-6F05-4791-87A4-3163F452CF99}.Release|x86.ActiveCfg = Release|Win32
		{098E4E0E-6F05-4791-87A4-3163F452CF99}.Release|x86.Build.0 = Release|Win32
		{FFAA8CDB-F721-4C0B-89F8-60BD3528BB4D}.Debug|x64.ActiveCfg = Debug|x64
		{FFAA8CDB-F721-4C0B-89F8-60BD3528BB4D}.Debug|x64.Build.0 = Debug|x64
		{FFAA8CDB-F721-4C0B-89F8-60BD3528BB4D}.Debug|x86.ActiveCfg = Debug|Win32
		{FFAA8CDB-F721-4C0B-89F8-60BD3528BB4D}.Debug|x86.Build.0 = Debug|Win32
		{FFAA8CDB-F721-4C0B-89F8-60BD3528BB4D}.Release|x64.ActiveCfg = Release|x64
		{FFAA8CDB-F721-4C0B-89F8-60BD3528BB4D}.Release|x64.Build.0 = Release|x64
		{FFAA8CDB-F721-4C0B-89F8-60BD3528BB4D}.Release|x86.ActiveCfg = Release|Win32
		{FFAA8CDB-F721-4C0B-89F8-60BD3528BB4D}.Release|x86.Build.0 = Release|Win32
		{FA3004E7-EB9C-4A36-A1BF-6CDC6F67C5E4}.Debug|x64.ActiveCfg = Debug|x64
		{FA3004E7-EB9C-4A36-A1BF-6CDC6F67C5E4}.Debug|x64.Build.0 = Debug|x64
		{FA3004E7-EB9C-4A36-A1BF-6CDC6F67C5E4}.Debug|x86.ActiveCfg = Debug|Win32
		{FA3004E7-EB9C-4A36-A1BF-6CDC6F67C5E4}.Debug|x86.Build.0 = Debug|Win32
		{FA3004E7-EB9C-4A36-A1BF-6CDC6F67C5E4}.Release|x64.ActiveCfg = Release|x64
		{FA3004E7-EB9C-4A36-A1BF-6CDC6F67C5E4}.Release|x64.Build.0 = Release|x64
		{FA3004E7-EB9C-4A36-A1BF-6CDC6F67C5E4}.Release|x86.ActiveCfg = Release|Win32
		{FA3004E7-EB9C-4A36-A1BF-6CDC6F67C5E4}.Release|x86.Build.0 = Release|Win32
		{7F603790-B300-4A2B-8D8C-A550A6C67385}.Debug|x64.ActiveCfg = Debug|x64
		{7F603790-B300-4A2B-8D8C-A550A6C67385}.Debug|x64.Build.0 = Debug|x64
		{7F603790-B300-4A2B-8D8C-A550A6C67385}.Debug|x86.ActiveCfg = Debug|Win32
		{7F603790-B300-4A2B-8D8C-A550A6C67385}.Debug|x86.Build.0 = Debug|Win32
		{7F603790-B300-4A2B-8D8C-A550A6C67385}.Release|x64.ActiveCfg = Release|x64
		{7F603790-B300-4A2B-8D8C-A550A6C67385}.Release|x64.Build.0 = Release|x64
		{7F603790-B300-4A2B-8D8C-A550A6C67385}.Release|x86.ActiveCfg = Release|Win32
		{7F603790-B300-4A2B-8D8C-A550A6C67385}.Release|x86.Build.0 = Release|Win32
		{E81EA5F0-0FB7-4EFB-8FC0-CB3D195443E4}.Debug|x64.ActiveCfg = Debug|x64
		{E81EA5F0-0FB7-4EFB-8FC0-CB3D195443E4}.Debug|x64.Build.0 = Debug|x64
		{E81EA5F0-0FB7-4EFB-8FC0-CB3D195443E4}.Debug|x86.ActiveCfg = Debug|Win32
		{E81EA5F0-0FB7-4EFB-8FC0-CB3D195443E4}.Debug|x86.Build.0 = Debug|Win32
		{E81EA5F0-0FB7-4EFB-8FC0-CB3D195443E4}.Release|x64.ActiveCfg = Release|x64
		{E81EA5F0-0FB7-4EFB-8FC0-CB3D195443E4}.Release|x64.Build.0 = Release|x64
		{E81EA5F0-0FB7-4EFB-8FC0-CB3D195443E4}.Release|x86.ActiveCfg = Release|Win32
		{E81EA5F0-0FB7-4EFB-8FC0-CB3D195443E4}.Release|x86.Build.0 = Release|Win32
		{7E9D7DCF-BD11-457E-AAA1-57CDCC687945}.Debug|x64.ActiveCfg = Debug|x64
		{7E9D7DCF-BD11-457E-AAA1-57CDCC687945}.Debug|x64.Build.0 = Debug|x64
		{7E9D7DCF-BD11-457E-AAA1-57CDCC687945}.Debug|x86.ActiveCfg = Debug|Win32
		{7E9D7DCF-BD11-457E-AAA1-57CDCC687945}.Debug|x86.Build.0 = Debug|Win32
		{7E9D7DCF-BD11-457E-AAA1-57CDCC687945}.Release|x64.ActiveCfg = Release|x64
		{7E9D7DCF-BD11-457E-AAA1-57CDCC687945}.Release|x64.Build.0 = Release|x64
		{7E9D7DCF-BD11-457E-AAA1-57CDCC687945}.Release|x86.ActiveCfg = Release|Win32
		{7E9D7DCF-BD11-457E-AAA1-57CDCC687945}.Release|x86.Build.0 = Release|Win32
		{C5A0AE91-3A01-4771-9E02-5A2756AC5087}.Debug|x64.ActiveCfg = Debug|x64
		{C5A0AE91-3A01-4771-9E02-5A2756AC5087}.Debug|x64.Build.0 = Debug|x64
		{C5A0AE91-3A01-4771-9E02-5A2756AC5087}.Debug|x86.ActiveCfg = Debug|Win32
		{C5A0AE91-3A01-4771-9E02-5A2756AC5087}.Debug|x86.Build.0 = Debug|Win32
		{C5A0AE91-3A01-4771-9E02-5A2756AC5087}.Release|x64.ActiveCfg = Release|x64
		{C5A0AE91-3A01-4771-9E02-5A2756AC5087}.Release|x64.Build.0 = Release|x64
		{C5A0AE91-3A01-4771-9E02-5A2756AC5087}.Release|x86.ActiveCfg = Release|Win32
		{C5A0AE91-3A01-4771-9E02-5A2756AC5087}.Release|x86.Build.0 = Release|Win32
	EndGlobalSection
	GlobalSection(SolutionProperties) = preSolution
		HideSolutionNode = FALSE
	EndGlobalSection
	GlobalSection(ExtensibilityGlobals) = postSolution
		SolutionGuid = {66A507F6-C79F-4A75-A40F-B17F87D077AF}
	EndGlobalSection
EndGlobal
