
Microsoft Visual Studio Solution File, Format Version 12.00
# Visual Studio Version 17
VisualStudioVersion = 17.9.34607.119
MinimumVisualStudioVersion = 10.0.40219.1
Project("{8BC9CEB8-8B4A-11D0-8D11-00A0C91BC942}") = "Utils", "msvc\Utils.vcxproj", "{098E4E0E-6F05-4791-87A4-3163F452CF99}"
EndProject
Project("{8BC9CEB8-8B4A-11D0-8D11-00A0C91BC942}") = "Audio Loader", "msvc\Audio Loader.vcxproj", "{FFAA8CDB-F721-4C0B-89F8-60BD3528BB4D}"
	ProjectSection(ProjectDependencies) = postProject
		{098E4E0E-6F05-4791-87A4-3163F452CF99} = {098E4E0E-6F05-4791-87A4-3163F452CF99}
	EndProjectSection
EndProject
Project("{8BC9CEB8-8B4A-11D0-8D11-00A0C91BC942}") = "Calc CPU", "msvc\Calc CPU.vcxproj", "{FA3004E7-EB9C-4A36-A1BF-6CDC6F67C5E4}"
EndProject
Project("{8BC9CEB8-8B4A-11D0-8D11-00A0C91BC942}") = "Calc OpenCL", "msvc\Calc OpenCL.vcxproj", "{7F603790-B300-4A2B-8D8C-A550A6C67385}"
	ProjectSection(ProjectDependencies) = postProject
		{7E9D7DCF-BD11-457E-AAA1-57CDCC687945} = {7E9D7DCF-BD11-457E-AAA1-57CDCC687945}
		{E81EA5F0-0FB7-4EFB-8FC0-CB3D195443E4} = {E81EA5F0-0FB7-4EFB-8FC0-CB3D195443E4}
		{FA3004E7-EB9C-4A36-A1BF-6CDC6F67C5E4} = {FA3004E7-EB9C-4A36-A1BF-6CDC6F67C5E4}
	EndProjectSection
EndProject
Project("{8BC9CEB8-8B4A-11D0-8D11-00A0C91BC942}") = "ImGui", "msvc\ImGui.vcxproj", "{E81EA5F0-0FB7-4EFB-8FC0-CB3D195443E4}"
EndProject
Project("{8BC9CEB8-8B4A-11D0-8D11-00A0C91BC942}") = "GL Renderer", "msvc\GL Renderer.vcxproj", "{7E9D7DCF-BD11-457E-AAA1-57CDCC687945}"
	ProjectSection(ProjectDependencies) = postProject
		{098E4E0E-6F05-4791-87A4-3163F452CF99} = {098E4E0E-6F05-4791-87A4-3163F452CF99}
		{E81EA5F0-0FB7-4EFB-8FC0-CB3D195443E4} = {E81EA5F0-0FB7-4EFB-8FC0-CB3D195443E4}
	EndProjectSection
EndProject
Project("{8BC9CEB8-8B4A-11D0-8D11-00A0C91BC942}") = "GPU Spectrogram", "msvc\GPU Spectrogram.vcxproj", "{C5A0AE91-3A01-4771-9E02-5A2756AC5087}"
	ProjectSection(ProjectDependencies) = postProject
		{26082920-535C-43A5-BA60-24692E554974} = {26082920-535C-43A5-BA60-24692E554974}
		{579F1E62-C5AF-4B85-8011-F1722E522DD9} = {579F1E62-C5AF-4B85-8011-F1722E522DD9}
		{7E9D7DCF-BD11-457E-AAA1-57CDCC687945} = {7E9D7DCF-BD11-457E-AAA1-57CDCC687945}
		{7F603790-B300-4A2B-8D8C-A550A6C67385} = {7F603790-B300-4A2B-8D8C-A550A6C67385}
		{E81EA5F0-0FB7-4EFB-8FC0-CB3D195443E4} = {E81EA5F0-0FB7-4EFB-8FC0-CB3D195443E4}
		{FA3004E7-EB9C-4A36-A1BF-6CDC6F67C5E4} = {FA3004E7-EB9C-4A36-A1BF-6CDC6F67C5E4}
		{FFAA8CDB-F721-4C0B-89F8-60BD3528BB4D} = {FFAA8CDB-F721-4C0B-89F8-60BD3528BB4D}
	EndProjectSection
EndProject
Project("{8BC9CEB8-8B4A-11D0-8D11-00A0C91BC942}") = "Real Time Input", "msvc\Real Time Input.vcxproj", "{26082920-535C-43A5-BA60-24692E554974}"
	ProjectSection(ProjectDependencies) = postProject
		{098E4E0E-6F05-4791-87A4-3163F452CF99} = {098E4E0E-6F05-4791-87A4-3163F452CF99}
		{71150F7F-2AF7-47BD-B284-61D0ED23F644} = {71150F7F-2AF7-47BD-B284-61D0ED23F644}
	EndProjectSection
EndProject
Project("{8BC9CEB8-8B4A-11D0-8D11-00A0C91BC942}") = "PortAudio", "msvc\PortAudio.vcxproj", "{71150F7F-2AF7-47BD-B284-61D0ED23F644}"
EndProject
Project("{8BC9CEB8-8B4A-11D0-8D11-00A0C91BC942}") = "Benchmark", "msvc\Benchmark.vcxproj", "{6E40357D-C264-474F-8A69-30BE7A33E63F}"
EndProject
Project("{8BC9CEB8-8B4A-11D0-8D11-00A0C91BC942}") = "Calc OpenCL Benchmark", "msvc\Calc OpenCL Benchmark.vcxproj", "{FD005A25-44DE-4F29-9236-9C5AA1F203DF}"
	ProjectSection(ProjectDependencies) = postProject
		{098E4E0E-6F05-4791-87A4-3163F452CF99} = {098E4E0E-6F05-4791-87A4-3163F452CF99}
		{6E40357D-C264-474F-8A69-30BE7A33E63F} = {6E40357D-C264-474F-8A69-30BE7A33E63F}
		{7F603790-B300-4A2B-8D8C-A550A6C67385} = {7F603790-B300-4A2B-8D8C-A550A6C67385}
		{FFAA8CDB-F721-4C0B-89F8-60BD3528BB4D} = {FFAA8CDB-F721-4C0B-89F8-60BD3528BB4D}
	EndProjectSection
EndProject
Project("{2150E333-8FDC-42A3-9474-1A3956D46DE8}") = "Libraries", "Libraries", "{77CE34D9-E013-476B-900D-6878ADC72A01}"
EndProject
Project("{2150E333-8FDC-42A3-9474-1A3956D46DE8}") = "Benchmarks", "Benchmarks", "{AA49A2C4-7423-46B8-8BE4-DF62BDAF17A7}"
EndProject
Project("{2150E333-8FDC-42A3-9474-1A3956D46DE8}") = "Tests", "Tests", "{DC16C697-D44F-46A1-94D9-C4BD4B41C392}"
EndProject
Project("{2150E333-8FDC-42A3-9474-1A3956D46DE8}") = "Components", "Components", "{B2060379-36AB-47D0-BA97-418626BFD4CB}"
EndProject
Project("{8BC9CEB8-8B4A-11D0-8D11-00A0C91BC942}") = "Calc CPU Benchmark", "msvc\Calc CPU Benchmark.vcxproj", "{99BE3A0F-0A7B-4A0F-9394-8A547AA4E9DF}"
	ProjectSection(ProjectDependencies) = postProject
		{098E4E0E-6F05-4791-87A4-3163F452CF99} = {098E4E0E-6F05-4791-87A4-3163F452CF99}
		{6E40357D-C264-474F-8A69-30BE7A33E63F} = {6E40357D-C264-474F-8A69-30BE7A33E63F}
		{FA3004E7-EB9C-4A36-A1BF-6CDC6F67C5E4} = {FA3004E7-EB9C-4A36-A1BF-6CDC6F67C5E4}
		{FFAA8CDB-F721-4C0B-89F8-60BD3528BB4D} = {FFAA8CDB-F721-4C0B-89F8-60BD3528BB4D}
	EndProjectSection
EndProject
Project("{8BC9CEB8-8B4A-11D0-8D11-00A0C91BC942}") = "Utils Test", "msvc\Utils Test.vcxproj", "{26CC2F8E-C576-4342-9DDD-7D716FFD00B7}"
EndProject
Project("{2150E333-8FDC-42A3-9474-1A3956D46DE8}") = "Dev Apps", "Dev Apps", "{3EC27ED0-84C6-40D3-A614-D280A13EA776}"
EndProject
Project("{8BC9CEB8-8B4A-11D0-8D11-00A0C91BC942}") = "OpenGL OpenCL Coop", "msvc\OpenGL OpenCL Coop.vcxproj", "{33B5A6D3-8E73-4CE2-BE8E-AB70C4AEBD4E}"
	ProjectSection(ProjectDependencies) = postProject
		{098E4E0E-6F05-4791-87A4-3163F452CF99} = {098E4E0E-6F05-4791-87A4-3163F452CF99}
		{7F603790-B300-4A2B-8D8C-A550A6C67385} = {7F603790-B300-4A2B-8D8C-A550A6C67385}
		{FA3004E7-EB9C-4A36-A1BF-6CDC6F67C5E4} = {FA3004E7-EB9C-4A36-A1BF-6CDC6F67C5E4}
		{FFAA8CDB-F721-4C0B-89F8-60BD3528BB4D} = {FFAA8CDB-F721-4C0B-89F8-60BD3528BB4D}
	EndProjectSection
EndProject
Project("{8BC9CEB8-8B4A-11D0-8D11-00A0C91BC942}") = "FFT Comparator", "msvc\FFT Comparator.vcxproj", "{25AA75D0-F309-488E-85D8-F0BB4D6A120D}"
	ProjectSection(ProjectDependencies) = postProject
		{098E4E0E-6F05-4791-87A4-3163F452CF99} = {098E4E0E-6F05-4791-87A4-3163F452CF99}
		{7F603790-B300-4A2B-8D8C-A550A6C67385} = {7F603790-B300-4A2B-8D8C-A550A6C67385}
		{FA3004E7-EB9C-4A36-A1BF-6CDC6F67C5E4} = {FA3004E7-EB9C-4A36-A1BF-6CDC6F67C5E4}
		{FFAA8CDB-F721-4C0B-89F8-60BD3528BB4D} = {FFAA8CDB-F721-4C0B-89F8-60BD3528BB4D}
	EndProjectSection
EndProject
Project("{8BC9CEB8-8B4A-11D0-8D11-00A0C91BC942}") = "FFT Coef Generator", "msvc\FFT Coef Generator.vcxproj", "{771EF523-F6EE-412D-ACE9-EC23C6ADA2D6}"
	ProjectSection(ProjectDependencies) = postProject
		{098E4E0E-6F05-4791-87A4-3163F452CF99} = {098E4E0E-6F05-4791-87A4-3163F452CF99}
		{FA3004E7-EB9C-4A36-A1BF-6CDC6F67C5E4} = {FA3004E7-EB9C-4A36-A1BF-6CDC6F67C5E4}
		{FFAA8CDB-F721-4C0B-89F8-60BD3528BB4D} = {FFAA8CDB-F721-4C0B-89F8-60BD3528BB4D}
	EndProjectSection
EndProject
Project("{8BC9CEB8-8B4A-11D0-8D11-00A0C91BC942}") = "Calc CUDA", "msvc\Calc CUDA.vcxproj", "{579F1E62-C5AF-4B85-8011-F1722E522DD9}"
	ProjectSection(ProjectDependencies) = postProject
		{7E9D7DCF-BD11-457E-AAA1-57CDCC687945} = {7E9D7DCF-BD11-457E-AAA1-57CDCC687945}
		{FA3004E7-EB9C-4A36-A1BF-6CDC6F67C5E4} = {FA3004E7-EB9C-4A36-A1BF-6CDC6F67C5E4}
	EndProjectSection
EndProject
Global
	GlobalSection(SolutionConfigurationPlatforms) = preSolution
		Debug|x64 = Debug|x64
		Debug|x86 = Debug|x86
		Release|x64 = Release|x64
		Release|x86 = Release|x86
	EndGlobalSection
	GlobalSection(ProjectConfigurationPlatforms) = postSolution
		{098E4E0E-6F05-4791-87A4-3163F452CF99}.Debug|x64.ActiveCfg = Debug|x64
		{098E4E0E-6F05-4791-87A4-3163F452CF99}.Debug|x64.Build.0 = Debug|x64
		{098E4E0E-6F05-4791-87A4-3163F452CF99}.Debug|x86.ActiveCfg = Debug|Win32
		{098E4E0E-6F05-4791-87A4-3163F452CF99}.Debug|x86.Build.0 = Debug|Win32
		{098E4E0E-6F05-4791-87A4-3163F452CF99}.Release|x64.ActiveCfg = Release|x64
		{098E4E0E-6F05-4791-87A4-3163F452CF99}.Release|x64.Build.0 = Release|x64
		{098E4E0E-6F05-4791-87A4-3163F452CF99}.Release|x86.ActiveCfg = Release|Win32
		{098E4E0E-6F05-4791-87A4-3163F452CF99}.Release|x86.Build.0 = Release|Win32
		{FFAA8CDB-F721-4C0B-89F8-60BD3528BB4D}.Debug|x64.ActiveCfg = Debug|x64
		{FFAA8CDB-F721-4C0B-89F8-60BD3528BB4D}.Debug|x64.Build.0 = Debug|x64
		{FFAA8CDB-F721-4C0B-89F8-60BD3528BB4D}.Debug|x86.ActiveCfg = Debug|Win32
		{FFAA8CDB-F721-4C0B-89F8-60BD3528BB4D}.Debug|x86.Build.0 = Debug|Win32
		{FFAA8CDB-F721-4C0B-89F8-60BD3528BB4D}.Release|x64.ActiveCfg = Release|x64
		{FFAA8CDB-F721-4C0B-89F8-60BD3528BB4D}.Release|x64.Build.0 = Release|x64
		{FFAA8CDB-F721-4C0B-89F8-60BD3528BB4D}.Release|x86.ActiveCfg = Release|Win32
		{FFAA8CDB-F721-4C0B-89F8-60BD3528BB4D}.Release|x86.Build.0 = Release|Win32
		{FA3004E7-EB9C-4A36-A1BF-6CDC6F67C5E4}.Debug|x64.ActiveCfg = Debug|x64
		{FA3004E7-EB9C-4A36-A1BF-6CDC6F67C5E4}.Debug|x64.Build.0 = Debug|x64
		{FA3004E7-EB9C-4A36-A1BF-6CDC6F67C5E4}.Debug|x86.ActiveCfg = Debug|Win32
		{FA3004E7-EB9C-4A36-A1BF-6CDC6F67C5E4}.Debug|x86.Build.0 = Debug|Win32
		{FA3004E7-EB9C-4A36-A1BF-6CDC6F67C5E4}.Release|x64.ActiveCfg = Release|x64
		{FA3004E7-EB9C-4A36-A1BF-6CDC6F67C5E4}.Release|x64.Build.0 = Release|x64
		{FA3004E7-EB9C-4A36-A1BF-6CDC6F67C5E4}.Release|x86.ActiveCfg = Release|Win32
		{FA3004E7-EB9C-4A36-A1BF-6CDC6F67C5E4}.Release|x86.Build.0 = Release|Win32
		{7F603790-B300-4A2B-8D8C-A550A6C67385}.Debug|x64.ActiveCfg = Debug|x64
		{7F603790-B300-4A2B-8D8C-A550A6C67385}.Debug|x64.Build.0 = Debug|x64
		{7F603790-B300-4A2B-8D8C-A550A6C67385}.Debug|x86.ActiveCfg = Debug|Win32
		{7F603790-B300-4A2B-8D8C-A550A6C67385}.Debug|x86.Build.0 = Debug|Win32
		{7F603790-B300-4A2B-8D8C-A550A6C67385}.Release|x64.ActiveCfg = Release|x64
		{7F603790-B300-4A2B-8D8C-A550A6C67385}.Release|x64.Build.0 = Release|x64
		{7F603790-B300-4A2B-8D8C-A550A6C67385}.Release|x86.ActiveCfg = Release|Win32
		{7F603790-B300-4A2B-8D8C-A550A6C67385}.Release|x86.Build.0 = Release|Win32
		{E81EA5F0-0FB7-4EFB-8FC0-CB3D195443E4}.Debug|x64.ActiveCfg = Debug|x64
		{E81EA5F0-0FB7-4EFB-8FC0-CB3D195443E4}.Debug|x64.Build.0 = Debug|x64
		{E81EA5F0-0FB7-4EFB-8FC0-CB3D195443E4}.Debug|x86.ActiveCfg = Debug|Win32
		{E81EA5F0-0FB7-4EFB-8FC0-CB3D195443E4}.Debug|x86.Build.0 = Debug|Win32
		{E81EA5F0-0FB7-4EFB-8FC0-CB3D195443E4}.Release|x64.ActiveCfg = Release|x64
		{E81EA5F0-0FB7-4EFB-8FC0-CB3D195443E4}.Release|x64.Build.0 = Release|x64
		{E81EA5F0-0FB7-4EFB-8FC0-CB3D195443E4}.Release|x86.ActiveCfg = Release|Win32
		{E81EA5F0-0FB7-4EFB-8FC0-CB3D195443E4}.Release|x86.Build.0 = Release|Win32
		{7E9D7DCF-BD11-457E-AAA1-57CDCC687945}.Debug|x64.ActiveCfg = Debug|x64
		{7E9D7DCF-BD11-457E-AAA1-57CDCC687945}.Debug|x64.Build.0 = Debug|x64
		{7E9D7DCF-BD11-457E-AAA1-57CDCC687945}.Debug|x86.ActiveCfg = Debug|Win32
		{7E9D7DCF-BD11-457E-AAA1-57CDCC687945}.Debug|x86.Build.0 = Debug|Win32
		{7E9D7DCF-BD11-457E-AAA1-57CDCC687945}.Release|x64.ActiveCfg = Release|x64
		{7E9D7DCF-BD11-457E-AAA1-57CDCC687945}.Release|x64.Build.0 = Release|x64
		{7E9D7DCF-BD11-457E-AAA1-57CDCC687945}.Release|x86.ActiveCfg = Release|Win32
		{7E9D7DCF-BD11-457E-AAA1-57CDCC687945}.Release|x86.Build.0 = Release|Win32
		{C5A0AE91-3A01-4771-9E02-5A2756AC5087}.Debug|x64.ActiveCfg = Debug|x64
		{C5A0AE91-3A01-4771-9E02-5A2756AC5087}.Debug|x64.Build.0 = Debug|x64
		{C5A0AE91-3A01-4771-9E02-5A2756AC5087}.Debug|x86.ActiveCfg = Debug|Win32
		{C5A0AE91-3A01-4771-9E02-5A2756AC5087}.Debug|x86.Build.0 = Debug|Win32
		{C5A0AE91-3A01-4771-9E02-5A2756AC5087}.Release|x64.ActiveCfg = Release|x64
		{C5A0AE91-3A01-4771-9E02-5A2756AC5087}.Release|x64.Build.0 = Release|x64
		{C5A0AE91-3A01-4771-9E02-5A2756AC5087}.Release|x86.ActiveCfg = Release|Win32
		{C5A0AE91-3A01-4771-9E02-5A2756AC5087}.Release|x86.Build.0 = Release|Win32
		{26082920-535C-43A5-BA60-24692E554974}.Debug|x64.ActiveCfg = Debug|x64
		{26082920-535C-43A5-BA60-24692E554974}.Debug|x64.Build.0 = Debug|x64
		{26082920-535C-43A5-BA60-24692E554974}.Debug|x86.ActiveCfg = Debug|Win32
		{26082920-535C-43A5-BA60-24692E554974}.Debug|x86.Build.0 = Debug|Win32
		{26082920-535C-43A5-BA60-24692E554974}.Release|x64.ActiveCfg = Release|x64
		{26082920-535C-43A5-BA60-24692E554974}.Release|x64.Build.0 = Release|x64
		{26082920-535C-43A5-BA60-24692E554974}.Release|x86.ActiveCfg = Release|Win32
		{26082920-535C-43A5-BA60-24692E554974}.Release|x86.Build.0 = Release|Win32
		{71150F7F-2AF7-47BD-B284-61D0ED23F644}.Debug|x64.ActiveCfg = Debug|x64
		{71150F7F-2AF7-47BD-B284-61D0ED23F644}.Debug|x64.Build.0 = Debug|x64
		{71150F7F-2AF7-47BD-B284-61D0ED23F644}.Debug|x86.ActiveCfg = Debug|Win32
		{71150F7F-2AF7-47BD-B284-61D0ED23F644}.Debug|x86.Build.0 = Debug|Win32
		{71150F7F-2AF7-47BD-B284-61D0ED23F644}.Release|x64.ActiveCfg = Release|x64
		{71150F7F-2AF7-47BD-B284-61D0ED23F644}.Release|x64.Build.0 = Release|x64
		{71150F7F-2AF7-47BD-B284-61D0ED23F644}.Release|x86.ActiveCfg = Release|Win32
		{71150F7F-2AF7-47BD-B284-61D0ED23F644}.Release|x86.Build.0 = Release|Win32
		{6E40357D-C264-474F-8A69-30BE7A33E63F}.Debug|x64.ActiveCfg = Debug|x64
		{6E40357D-C264-474F-8A69-30BE7A33E63F}.Debug|x64.Build.0 = Debug|x64
		{6E40357D-C264-474F-8A69-30BE7A33E63F}.Debug|x86.ActiveCfg = Debug|Win32
		{6E40357D-C264-474F-8A69-30BE7A33E63F}.Debug|x86.Build.0 = Debug|Win32
		{6E40357D-C264-474F-8A69-30BE7A33E63F}.Release|x64.ActiveCfg = Release|x64
		{6E40357D-C264-474F-8A69-30BE7A33E63F}.Release|x64.Build.0 = Release|x64
		{6E40357D-C264-474F-8A69-30BE7A33E63F}.Release|x86.ActiveCfg = Release|Win32
		{6E40357D-C264-474F-8A69-30BE7A33E63F}.Release|x86.Build.0 = Release|Win32
		{FD005A25-44DE-4F29-9236-9C5AA1F203DF}.Debug|x64.ActiveCfg = Debug|x64
		{FD005A25-44DE-4F29-9236-9C5AA1F203DF}.Debug|x64.Build.0 = Debug|x64
		{FD005A25-44DE-4F29-9236-9C5AA1F203DF}.Debug|x86.ActiveCfg = Debug|Win32
		{FD005A25-44DE-4F29-9236-9C5AA1F203DF}.Debug|x86.Build.0 = Debug|Win32
		{FD005A25-44DE-4F29-9236-9C5AA1F203DF}.Release|x64.ActiveCfg = Release|x64
		{FD005A25-44DE-4F29-9236-9C5AA1F203DF}.Release|x64.Build.0 = Release|x64
		{FD005A25-44DE-4F29-9236-9C5AA1F203DF}.Release|x86.ActiveCfg = Release|Win32
		{FD005A25-44DE-4F29-9236-9C5AA1F203DF}.Release|x86.Build.0 = Release|Win32
		{99BE3A0F-0A7B-4A0F-9394-8A547AA4E9DF}.Debug|x64.ActiveCfg = Debug|x64
		{99BE3A0F-0A7B-4A0F-9394-8A547AA4E9DF}.Debug|x64.Build.0 = Debug|x64
		{99BE3A0F-0A7B-4A0F-9394-8A547AA4E9DF}.Debug|x86.ActiveCfg = Debug|Win32
		{99BE3A0F-0A7B-4A0F-9394-8A547AA4E9DF}.Debug|x86.Build.0 = Debug|Win32
		{99BE3A0F-0A7B-4A0F-9394-8A547AA4E9DF}.Release|x64.ActiveCfg = Release|x64
		{99BE3A0F-0A7B-4A0F-9394-8A547AA4E9DF}.Release|x64.Build.0 = Release|x64
		{99BE3A0F-0A7B-4A0F-9394-8A547AA4E9DF}.Release|x86.ActiveCfg = Release|Win32
		{99BE3A0F-0A7B-4A0F-9394-8A547AA4E9DF}.Release|x86.Build.0 = Release|Win32
		{26CC2F8E-C576-4342-9DDD-7D716FFD00B7}.Debug|x64.ActiveCfg = Debug|x64
		{26CC2F8E-C576-4342-9DDD-7D716FFD00B7}.Debug|x64.Build.0 = Debug|x64
		{26CC2F8E-C576-4342-9DDD-7D716FFD00B7}.Debug|x86.ActiveCfg = Debug|Win32
		{26CC2F8E-C576-4342-9DDD-7D716FFD00B7}.Debug|x86.Build.0 = Debug|Win32
		{26CC2F8E-C576-4342-9DDD-7D716FFD00B7}.Release|x64.ActiveCfg = Release|x64
		{26CC2F8E-C576-4342-9DDD-7D716FFD00B7}.Release|x64.Build.0 = Release|x64
		{26CC2F8E-C576-4342-9DDD-7D716FFD00B7}.Release|x86.ActiveCfg = Release|Win32
		{26CC2F8E-C576-4342-9DDD-7D716FFD00B7}.Release|x86.Build.0 = Release|Win32
		{33B5A6D3-8E73-4CE2-BE8E-AB70C4AEBD4E}.Debug|x64.ActiveCfg = Debug|x64
		{33B5A6D3-8E73-4CE2-BE8E-AB70C4AEBD4E}.Debug|x64.Build.0 = Debug|x64
		{33B5A6D3-8E73-4CE2-BE8E-AB70C4AEBD4E}.Debug|x86.ActiveCfg = Debug|Win32
		{33B5A6D3-8E73-4CE2-BE8E-AB70C4AEBD4E}.Debug|x86.Build.0 = Debug|Win32
		{33B5A6D3-8E73-4CE2-BE8E-AB70C4AEBD4E}.Release|x64.ActiveCfg = Release|x64
		{33B5A6D3-8E73-4CE2-BE8E-AB70C4AEBD4E}.Release|x64.Build.0 = Release|x64
		{33B5A6D3-8E73-4CE2-BE8E-AB70C4AEBD4E}.Release|x86.ActiveCfg = Release|Win32
		{33B5A6D3-8E73-4CE2-BE8E-AB70C4AEBD4E}.Release|x86.Build.0 = Release|Win32
		{25AA75D0-F309-488E-85D8-F0BB4D6A120D}.Debug|x64.ActiveCfg = Debug|x64
		{25AA75D0-F309-488E-85D8-F0BB4D6A120D}.Debug|x64.Build.0 = Debug|x64
		{25AA75D0-F309-488E-85D8-F0BB4D6A120D}.Debug|x86.ActiveCfg = Debug|Win32
		{25AA75D0-F309-488E-85D8-F0BB4D6A120D}.Debug|x86.Build.0 = Debug|Win32
		{25AA75D0-F309-488E-85D8-F0BB4D6A120D}.Release|x64.ActiveCfg = Release|x64
		{25AA75D0-F309-488E-85D8-F0BB4D6A120D}.Release|x64.Build.0 = Release|x64
		{25AA75D0-F309-488E-85D8-F0BB4D6A120D}.Release|x86.ActiveCfg = Release|Win32
		{25AA75D0-F309-488E-85D8-F0BB4D6A120D}.Release|x86.Build.0 = Release|Win32
		{771EF523-F6EE-412D-ACE9-EC23C6ADA2D6}.Debug|x64.ActiveCfg = Debug|x64
		{771EF523-F6EE-412D-ACE9-EC23C6ADA2D6}.Debug|x64.Build.0 = Debug|x64
		{771EF523-F6EE-412D-ACE9-EC23C6ADA2D6}.Debug|x86.ActiveCfg = Debug|Win32
		{771EF523-F6EE-412D-ACE9-EC23C6ADA2D6}.Debug|x86.Build.0 = Debug|Win32
		{771EF523-F6EE-412D-ACE9-EC23C6ADA2D6}.Release|x64.ActiveCfg = Release|x64
		{771EF523-F6EE-412D-ACE9-EC23C6ADA2D6}.Release|x64.Build.0 = Release|x64
		{771EF523-F6EE-412D-ACE9-EC23C6ADA2D6}.Release|x86.ActiveCfg = Release|Win32
		{771EF523-F6EE-412D-ACE9-EC23C6ADA2D6}.Release|x86.Build.0 = Release|Win32
		{579F1E62-C5AF-4B85-8011-F1722E522DD9}.Debug|x64.ActiveCfg = Debug|x64
		{579F1E62-C5AF-4B85-8011-F1722E522DD9}.Debug|x64.Build.0 = Debug|x64
		{579F1E62-C5AF-4B85-8011-F1722E522DD9}.Debug|x86.ActiveCfg = Debug|Win32
		{579F1E62-C5AF-4B85-8011-F1722E522DD9}.Debug|x86.Build.0 = Debug|Win32
		{579F1E62-C5AF-4B85-8011-F1722E522DD9}.Release|x64.ActiveCfg = Release|x64
		{579F1E62-C5AF-4B85-8011-F1722E522DD9}.Release|x64.Build.0 = Release|x64
		{579F1E62-C5AF-4B85-8011-F1722E522DD9}.Release|x86.ActiveCfg = Release|Win32
		{579F1E62-C5AF-4B85-8011-F1722E522DD9}.Release|x86.Build.0 = Release|Win32
	EndGlobalSection
	GlobalSection(SolutionProperties) = preSolution
		HideSolutionNode = FALSE
	EndGlobalSection
	GlobalSection(NestedProjects) = preSolution
		{098E4E0E-6F05-4791-87A4-3163F452CF99} = {B2060379-36AB-47D0-BA97-418626BFD4CB}
		{FFAA8CDB-F721-4C0B-89F8-60BD3528BB4D} = {B2060379-36AB-47D0-BA97-418626BFD4CB}
		{FA3004E7-EB9C-4A36-A1BF-6CDC6F67C5E4} = {B2060379-36AB-47D0-BA97-418626BFD4CB}
		{7F603790-B300-4A2B-8D8C-A550A6C67385} = {B2060379-36AB-47D0-BA97-418626BFD4CB}
		{E81EA5F0-0FB7-4EFB-8FC0-CB3D195443E4} = {77CE34D9-E013-476B-900D-6878ADC72A01}
		{7E9D7DCF-BD11-457E-AAA1-57CDCC687945} = {B2060379-36AB-47D0-BA97-418626BFD4CB}
		{26082920-535C-43A5-BA60-24692E554974} = {B2060379-36AB-47D0-BA97-418626BFD4CB}
		{71150F7F-2AF7-47BD-B284-61D0ED23F644} = {77CE34D9-E013-476B-900D-6878ADC72A01}
		{6E40357D-C264-474F-8A69-30BE7A33E63F} = {77CE34D9-E013-476B-900D-6878ADC72A01}
		{FD005A25-44DE-4F29-9236-9C5AA1F203DF} = {AA49A2C4-7423-46B8-8BE4-DF62BDAF17A7}
		{99BE3A0F-0A7B-4A0F-9394-8A547AA4E9DF} = {AA49A2C4-7423-46B8-8BE4-DF62BDAF17A7}
		{26CC2F8E-C576-4342-9DDD-7D716FFD00B7} = {DC16C697-D44F-46A1-94D9-C4BD4B41C392}
		{33B5A6D3-8E73-4CE2-BE8E-AB70C4AEBD4E} = {3EC27ED0-84C6-40D3-A614-D280A13EA776}
		{25AA75D0-F309-488E-85D8-F0BB4D6A120D} = {3EC27ED0-84C6-40D3-A614-D280A13EA776}
		{771EF523-F6EE-412D-ACE9-EC23C6ADA2D6} = {3EC27ED0-84C6-40D3-A614-D280A13EA776}
		{579F1E62-C5AF-4B85-8011-F1722E522DD9} = {B2060379-36AB-47D0-BA97-418626BFD4CB}
	EndGlobalSection
	GlobalSection(ExtensibilityGlobals) = postSolution
		SolutionGuid = {66A507F6-C79F-4A75-A40F-B17F87D077AF}
	EndGlobalSection
EndGlobal
