<?xml version="1.0" encoding="utf-8"?>
<Project ToolsVersion="4.0" xmlns="http://schemas.microsoft.com/developer/msbuild/2003">
  <ItemGroup>
    <Filter Include="Source Files">
      <UniqueIdentifier>{4FC737F1-C7A5-4376-A066-2A32D752A2FF}</UniqueIdentifier>
      <Extensions>cpp;c;cc;cxx;c++;cppm;ixx;def;odl;idl;hpj;bat;asm;asmx</Extensions>
    </Filter>
    <Filter Include="Header Files">
      <UniqueIdentifier>{93995380-89BD-4b04-88EB-625FBE52EBFB}</UniqueIdentifier>
      <Extensions>h;hh;hpp;hxx;h++;hm;inl;inc;ipp;xsd</Extensions>
    </Filter>
    <Filter Include="Resource Files">
      <UniqueIdentifier>{67DA6AB6-F800-4c08-8B7A-83BB121AAD01}</UniqueIdentifier>
      <Extensions>rc;ico;cur;bmp;dlg;rc2;rct;bin;rgs;gif;jpg;jpeg;jpe;resx;tiff;tif;png;wav;mfcribbon-ms</Extensions>
    </Filter>
  </ItemGroup>
  <ItemGroup>
    <ClCompile Include="..\src\render_gl\src\AxisRenderer.cpp">
      <Filter>Source Files</Filter>
    </ClCompile>
    <ClCompile Include="..\src\render_gl\src\Camera.cpp">
      <Filter>Source Files</Filter>
    </ClCompile>
    <ClCompile Include="..\src\render_gl\src\CheckerGridRenderer.cpp">
      <Filter>Source Files</Filter>
    </ClCompile>
    <ClCompile Include="..\src\render_gl\src\FpsGuard.cpp">
      <Filter>Source Files</Filter>
    </ClCompile>
    <ClCompile Include="..\src\render_gl\src\GlfwUtils.cpp">
      <Filter>Source Files</Filter>
    </ClCompile>
    <ClCompile Include="..\src\render_gl\src\ImguiUtils.cpp">
      <Filter>Source Files</Filter>
    </ClCompile>
    <ClCompile Include="..\src\render_gl\src\OpenGlUtils.cpp">
      <Filter>Source Files</Filter>
    </ClCompile>
    <ClCompile Include="..\src\render_gl\src\RenderContext.cpp">
      <Filter>Source Files</Filter>
    </ClCompile>
    <ClCompile Include="..\src\render_gl\src\RtsaContainer.cpp">
      <Filter>Source Files</Filter>
    </ClCompile>
    <ClCompile Include="..\src\render_gl\src\RtsaRenderer.cpp">
      <Filter>Source Files</Filter>
    </ClCompile>
    <ClCompile Include="..\src\render_gl\src\TimeFrequencyHeatmapContainer.cpp">
      <Filter>Source Files</Filter>
    </ClCompile>
    <ClCompile Include="..\src\render_gl\src\TimeFrequencyHeatmapRenderer.cpp">
      <Filter>Source Files</Filter>
    </ClCompile>
    <ClCompile Include="..\src\render_gl\src\glad.c">
      <Filter>Source Files</Filter>
    </ClCompile>
  </ItemGroup>
  <ItemGroup>
    <ClInclude Include="..\src\render_gl\include\spectr\render_gl\AxisRenderer.h">
      <Filter>Header Files</Filter>
    </ClInclude>
    <ClInclude Include="..\src\render_gl\include\spectr\render_gl\Camera.h">
      <Filter>Header Files</Filter>
    </ClInclude>
    <ClInclude Include="..\src\render_gl\include\spectr\render_gl\CheckerGridRenderer.h">
      <Filter>Header Files</Filter>
    </ClInclude>
    <ClInclude Include="..\src\render_gl\include\spectr\render_gl\FpsGuard.h">
      <Filter>Header Files</Filter>
    </ClInclude>
    <ClInclude Include="..\src\render_gl\include\spectr\render_gl\GlfwUtils.h">
      <Filter>Header Files</Filter>
    </ClInclude>
    <ClInclude Include="..\src\render_gl\include\spectr\render_gl\GraphicsApi.h">
      <Filter>Header Files</Filter>
    </ClInclude>
    <ClInclude Include="..\src\render_gl\include\spectr\render_gl\ImguiUtils.h">
      <Filter>Header Files</Filter>
    </ClInclude>
    <ClInclude Include="..\src\render_gl\include\spectr\render_gl\OpenGlUtils.h">
      <Filter>Header Files</Filter>
    </ClInclude>
    <ClInclude Include="..\src\render_gl\include\spectr\render_gl\RenderContext.h">
      <Filter>Header Files</Filter>
    </ClInclude>
    <ClInclude Include="..\src\render_gl\include\spectr\render_gl\RtsaContainer.h">
      <Filter>Header Files</Filter>
    </ClInclude>
    <ClInclude Include="..\src\render_gl\include\spectr\render_gl\RtsaRenderer.h">
      <Filter>Header Files</Filter>
    </ClInclude>
    <ClInclude Include="..\src\render_gl\include\spectr\render_gl\TimeFrequencyHeatmapContainer.h">
      <Filter>Header Files</Filter>
    </ClInclude>
    <ClInclude Include="..\src\render_gl\include\spectr\render_gl\TimeFrequencyHeatmapRenderer.h">
      <Filter>Header Files</Filter>
    </ClInclude>
  </ItemGroup>
</Project>