<?xml version="1.0" encoding="utf-8"?>
<Project ToolsVersion="4.0" xmlns="http://schemas.microsoft.com/developer/msbuild/2003">
  <ItemGroup>
    <Filter Include="Source Files">
      <UniqueIdentifier>{4FC737F1-C7A5-4376-A066-2A32D752A2FF}</UniqueIdentifier>
      <Extensions>cpp;c;cc;cxx;c++;cppm;ixx;def;odl;idl;hpj;bat;asm;asmx</Extensions>
    </Filter>
    <Filter Include="Header Files">
      <UniqueIdentifier>{93995380-89BD-4b04-88EB-625FBE52EBFB}</UniqueIdentifier>
      <Extensions>h;hh;hpp;hxx;h++;hm;inl;inc;ipp;xsd</Extensions>
    </Filter>
    <Filter Include="Resource Files">
      <UniqueIdentifier>{67DA6AB6-F800-4c08-8B7A-83BB121AAD01}</UniqueIdentifier>
      <Extensions>rc;ico;cur;bmp;dlg;rc2;rct;bin;rgs;gif;jpg;jpeg;jpe;resx;tiff;tif;png;wav;mfcribbon-ms</Extensions>
    </Filter>
  </ItemGroup>
  <ItemGroup>
    <ClCompile Include="..\src\desktop_app\src\AudioFileTimeFrequencyWorker.cpp">
      <Filter>Source Files</Filter>
    </ClCompile>
    <ClCompile Include="..\src\desktop_app\src\CameraBoundsController.cpp">
      <Filter>Source Files</Filter>
    </ClCompile>
    <ClCompile Include="..\src\desktop_app\src\CameraWaterfallMover.cpp">
      <Filter>Source Files</Filter>
    </ClCompile>
    <ClCompile Include="..\src\desktop_app\src\CmdArgumentParser.cpp">
      <Filter>Source Files</Filter>
    </ClCompile>
    <ClCompile Include="..\src\desktop_app\src\HeatmapCursorInfo.cpp">
      <Filter>Source Files</Filter>
    </ClCompile>
    <ClCompile Include="..\src\desktop_app\src\HeatmapViewSettingsWidget.cpp">
      <Filter>Source Files</Filter>
    </ClCompile>
    <ClCompile Include="..\src\desktop_app\src\Input.cpp">
      <Filter>Source Files</Filter>
    </ClCompile>
    <ClCompile Include="..\src\desktop_app\src\main.cpp">
      <Filter>Source Files</Filter>
    </ClCompile>
    <ClCompile Include="..\src\desktop_app\src\MinMaxWidget.cpp">
      <Filter>Source Files</Filter>
    </ClCompile>
    <ClCompile Include="..\src\desktop_app\src\MockTimeFrequencyWorker.cpp">
      <Filter>Source Files</Filter>
    </ClCompile>
    <ClCompile Include="..\src\desktop_app\src\PanTool.cpp">
      <Filter>Source Files</Filter>
    </ClCompile>
    <ClCompile Include="..\src\desktop_app\src\RtsaViewSettingsWidget.cpp">
      <Filter>Source Files</Filter>
    </ClCompile>
    <ClCompile Include="..\src\desktop_app\src\RtsaWindow.cpp">
      <Filter>Source Files</Filter>
    </ClCompile>
    <ClCompile Include="..\src\desktop_app\src\WaterfallWindow.cpp">
      <Filter>Source Files</Filter>
    </ClCompile>
    <ClCompile Include="..\src\desktop_app\src\Window.cpp">
      <Filter>Source Files</Filter>
    </ClCompile>
    <ClCompile Include="..\src\desktop_app\src\SplitWindow.cpp">
      <Filter>Source Files</Filter>
    </ClCompile>
    <ClCompile Include="..\src\desktop_app\src\SpectrDesktopApp.cpp">
      <Filter>Source Files</Filter>
    </ClCompile>
    <ClCompile Include="..\src\desktop_app\src\BladeRFInputFrame.cpp">
      <Filter>Source Files</Filter>
    </ClCompile>
  </ItemGroup>
  <ItemGroup>
    <ClInclude Include="..\src\desktop_app\include\spectr\desktop_app\AudioFileTimeFrequencyWorker.h">
      <Filter>Header Files</Filter>
    </ClInclude>
    <ClInclude Include="..\src\desktop_app\include\spectr\desktop_app\CameraBoundsController.h">
      <Filter>Header Files</Filter>
    </ClInclude>
    <ClInclude Include="..\src\desktop_app\include\spectr\desktop_app\CameraWaterfallMover.h">
      <Filter>Header Files</Filter>
    </ClInclude>
    <ClInclude Include="..\src\desktop_app\include\spectr\desktop_app\CmdArgumentParser.h">
      <Filter>Header Files</Filter>
    </ClInclude>
    <ClInclude Include="..\src\desktop_app\include\spectr\desktop_app\DesktopAppSettings.h">
      <Filter>Header Files</Filter>
    </ClInclude>
    <ClInclude Include="..\src\desktop_app\include\spectr\desktop_app\HeatmapCursorInfo.h">
      <Filter>Header Files</Filter>
    </ClInclude>
    <ClInclude Include="..\src\desktop_app\include\spectr\desktop_app\HeatmapViewSettingsWidget.h">
      <Filter>Header Files</Filter>
    </ClInclude>
    <ClInclude Include="..\src\desktop_app\include\spectr\desktop_app\Input.h">
      <Filter>Header Files</Filter>
    </ClInclude>
    <ClInclude Include="..\src\desktop_app\include\spectr\desktop_app\MinMaxWidget.h">
      <Filter>Header Files</Filter>
    </ClInclude>
    <ClInclude Include="..\src\desktop_app\include\spectr\desktop_app\MockTimeFrequencyWorker.h">
      <Filter>Header Files</Filter>
    </ClInclude>
    <ClInclude Include="..\src\desktop_app\include\spectr\desktop_app\PanTool.h">
      <Filter>Header Files</Filter>
    </ClInclude>
    <ClInclude Include="..\src\desktop_app\include\spectr\desktop_app\RtsaViewSettingsWidget.h">
      <Filter>Header Files</Filter>
    </ClInclude>
    <ClInclude Include="..\src\desktop_app\include\spectr\desktop_app\RtsaWindow.h">
      <Filter>Header Files</Filter>
    </ClInclude>
    <ClInclude Include="..\src\desktop_app\include\spectr\desktop_app\SpectrDesktopApp.h">
      <Filter>Header Files</Filter>
    </ClInclude>
    <ClInclude Include="..\src\desktop_app\include\spectr\desktop_app\WaterfallWindow.h">
      <Filter>Header Files</Filter>
    </ClInclude>
    <ClInclude Include="..\src\desktop_app\include\spectr\desktop_app\Window.h">
      <Filter>Header Files</Filter>
    </ClInclude>
    <ClInclude Include="..\include\stdarg.hpp">
      <Filter>Header Files</Filter>
    </ClInclude>
    <ClInclude Include="..\src\desktop_app\include\spectr\desktop_app\SplitWindow.h">
      <Filter>Header Files</Filter>
    </ClInclude>
    <ClInclude Include="..\src\desktop_app\include\spectr\desktop_app\BladeRFInputFrame.h">
      <Filter>Header Files</Filter>
    </ClInclude>
  </ItemGroup>
</Project>